// !$*UTF8*$!
{
	archiveVersion = 1;
	classes = {
	};
	objectVersion = 70;
	objects = {

/* Begin PBXBuildFile section */
		D9284F392C1094E0002A7AA5 /* BudgetControlApp.swift in Sources */ = {isa = PBXBuildFile; fileRef = D9284F382C1094E0002A7AA5 /* BudgetControlApp.swift */; };
		D9284F3F2C1094E2002A7AA5 /* Assets.xcassets in Resources */ = {isa = PBXBuildFile; fileRef = D9284F3E2C1094E2002A7AA5 /* Assets.xcassets */; };
		D9284F422C1094E2002A7AA5 /* Preview Assets.xcassets in Resources */ = {isa = PBXBuildFile; fileRef = D9284F412C1094E2002A7AA5 /* Preview Assets.xcassets */; };
		D9284F4C2C1094E2002A7AA5 /* BudgetControlTests.swift in Sources */ = {isa = PBXBuildFile; fileRef = D9284F4B2C1094E2002A7AA5 /* BudgetControlTests.swift */; };
		D9284F562C1094E2002A7AA5 /* BudgetControlUITests.swift in Sources */ = {isa = PBXBuildFile; fileRef = D9284F552C1094E2002A7AA5 /* BudgetControlUITests.swift */; };
		D9284F582C1094E2002A7AA5 /* BudgetControlUITestsLaunchTests.swift in Sources */ = {isa = PBXBuildFile; fileRef = D9284F572C1094E2002A7AA5 /* BudgetControlUITestsLaunchTests.swift */; };
/* End PBXBuildFile section */

/* Begin PBXContainerItemProxy section */
		D9284F482C1094E2002A7AA5 /* PBXContainerItemProxy */ = {
			isa = PBXContainerItemProxy;
			containerPortal = D9284F2D2C1094E0002A7AA5 /* Project object */;
			proxyType = 1;
			remoteGlobalIDString = D9284F342C1094E0002A7AA5;
			remoteInfo = BudgetControl;
		};
		D9284F522C1094E2002A7AA5 /* PBXContainerItemProxy */ = {
			isa = PBXContainerItemProxy;
			containerPortal = D9284F2D2C1094E0002A7AA5 /* Project object */;
			proxyType = 1;
			remoteGlobalIDString = D9284F342C1094E0002A7AA5;
			remoteInfo = BudgetControl;
		};
/* End PBXContainerItemProxy section */

/* Begin PBXFileReference section */
		D9284F352C1094E0002A7AA5 /* BudgetControl.app */ = {isa = PBXFileReference; explicitFileType = wrapper.application; includeInIndex = 0; path = BudgetControl.app; sourceTree = BUILT_PRODUCTS_DIR; };
		D9284F382C1094E0002A7AA5 /* BudgetControlApp.swift */ = {isa = PBXFileReference; lastKnownFileType = sourcecode.swift; path = BudgetControlApp.swift; sourceTree = "<group>"; };
		D9284F3E2C1094E2002A7AA5 /* Assets.xcassets */ = {isa = PBXFileReference; lastKnownFileType = folder.assetcatalog; path = Assets.xcassets; sourceTree = "<group>"; };
		D9284F412C1094E2002A7AA5 /* Preview Assets.xcassets */ = {isa = PBXFileReference; lastKnownFileType = folder.assetcatalog; path = "Preview Assets.xcassets"; sourceTree = "<group>"; };
		D9284F472C1094E2002A7AA5 /* BudgetControlTests.xctest */ = {isa = PBXFileReference; explicitFileType = wrapper.cfbundle; includeInIndex = 0; path = BudgetControlTests.xctest; sourceTree = BUILT_PRODUCTS_DIR; };
		D9284F4B2C1094E2002A7AA5 /* BudgetControlTests.swift */ = {isa = PBXFileReference; lastKnownFileType = sourcecode.swift; path = BudgetControlTests.swift; sourceTree = "<group>"; };
		D9284F512C1094E2002A7AA5 /* BudgetControlUITests.xctest */ = {isa = PBXFileReference; explicitFileType = wrapper.cfbundle; includeInIndex = 0; path = BudgetControlUITests.xctest; sourceTree = BUILT_PRODUCTS_DIR; };
		D9284F552C1094E2002A7AA5 /* BudgetControlUITests.swift */ = {isa = PBXFileReference; lastKnownFileType = sourcecode.swift; path = BudgetControlUITests.swift; sourceTree = "<group>"; };
		D9284F572C1094E2002A7AA5 /* BudgetControlUITestsLaunchTests.swift */ = {isa = PBXFileReference; lastKnownFileType = sourcecode.swift; path = BudgetControlUITestsLaunchTests.swift; sourceTree = "<group>"; };
/* End PBXFileReference section */

/* Begin PBXFileSystemSynchronizedRootGroup section */
		3788F4E02C952B5300567A65 /* Data */ = {isa = PBXFileSystemSynchronizedRootGroup; explicitFileTypes = {}; explicitFolders = (); path = Data; sourceTree = "<group>"; };
		3788F4E42C952C7100567A65 /* Features */ = {isa = PBXFileSystemSynchronizedRootGroup; explicitFileTypes = {}; explicitFolders = (); path = Features; sourceTree = "<group>"; };
		3788F50E2C9533FE00567A65 /* Util */ = {isa = PBXFileSystemSynchronizedRootGroup; explicitFileTypes = {}; explicitFolders = (); path = Util; sourceTree = "<group>"; };
/* End PBXFileSystemSynchronizedRootGroup section */

/* Begin PBXFrameworksBuildPhase section */
		D9284F322C1094E0002A7AA5 /* Frameworks */ = {
			isa = PBXFrameworksBuildPhase;
			buildActionMask = 2147483647;
			files = (
			);
			runOnlyForDeploymentPostprocessing = 0;
		};
		D9284F442C1094E2002A7AA5 /* Frameworks */ = {
			isa = PBXFrameworksBuildPhase;
			buildActionMask = 2147483647;
			files = (
			);
			runOnlyForDeploymentPostprocessing = 0;
		};
		D9284F4E2C1094E2002A7AA5 /* Frameworks */ = {
			isa = PBXFrameworksBuildPhase;
			buildActionMask = 2147483647;
			files = (
			);
			runOnlyForDeploymentPostprocessing = 0;
		};
/* End PBXFrameworksBuildPhase section */

/* Begin PBXGroup section */
		D9284F2C2C1094E0002A7AA5 = {
			isa = PBXGroup;
			children = (
				D9284F372C1094E0002A7AA5 /* BudgetControl */,
				D9284F4A2C1094E2002A7AA5 /* BudgetControlTests */,
				D9284F542C1094E2002A7AA5 /* BudgetControlUITests */,
				D9284F362C1094E0002A7AA5 /* Products */,
			);
			sourceTree = "<group>";
		};
		D9284F362C1094E0002A7AA5 /* Products */ = {
			isa = PBXGroup;
			children = (
				D9284F352C1094E0002A7AA5 /* BudgetControl.app */,
				D9284F472C1094E2002A7AA5 /* BudgetControlTests.xctest */,
				D9284F512C1094E2002A7AA5 /* BudgetControlUITests.xctest */,
			);
			name = Products;
			sourceTree = "<group>";
		};
		D9284F372C1094E0002A7AA5 /* BudgetControl */ = {
			isa = PBXGroup;
			children = (
				3788F50E2C9533FE00567A65 /* Util */,
				3788F4E42C952C7100567A65 /* Features */,
				3788F4E02C952B5300567A65 /* Data */,
				D9284F382C1094E0002A7AA5 /* BudgetControlApp.swift */,
				D9284F3E2C1094E2002A7AA5 /* Assets.xcassets */,
				D9284F402C1094E2002A7AA5 /* Preview Content */,
			);
			path = BudgetControl;
			sourceTree = "<group>";
		};
		D9284F402C1094E2002A7AA5 /* Preview Content */ = {
			isa = PBXGroup;
			children = (
				D9284F412C1094E2002A7AA5 /* Preview Assets.xcassets */,
			);
			path = "Preview Content";
			sourceTree = "<group>";
		};
		D9284F4A2C1094E2002A7AA5 /* BudgetControlTests */ = {
			isa = PBXGroup;
			children = (
				D9284F4B2C1094E2002A7AA5 /* BudgetControlTests.swift */,
			);
			path = BudgetControlTests;
			sourceTree = "<group>";
		};
		D9284F542C1094E2002A7AA5 /* BudgetControlUITests */ = {
			isa = PBXGroup;
			children = (
				D9284F552C1094E2002A7AA5 /* BudgetControlUITests.swift */,
				D9284F572C1094E2002A7AA5 /* BudgetControlUITestsLaunchTests.swift */,
			);
			path = BudgetControlUITests;
			sourceTree = "<group>";
		};
/* End PBXGroup section */

/* Begin PBXNativeTarget section */
		D9284F342C1094E0002A7AA5 /* BudgetControl */ = {
			isa = PBXNativeTarget;
			buildConfigurationList = D9284F5B2C1094E2002A7AA5 /* Build configuration list for PBXNativeTarget "BudgetControl" */;
			buildPhases = (
				D9284F312C1094E0002A7AA5 /* Sources */,
				D9284F322C1094E0002A7AA5 /* Frameworks */,
				D9284F332C1094E0002A7AA5 /* Resources */,
			);
			buildRules = (
			);
			dependencies = (
			);
			fileSystemSynchronizedGroups = (
				3788F4E02C952B5300567A65 /* Data */,
				3788F4E42C952C7100567A65 /* Features */,
				3788F50E2C9533FE00567A65 /* Util */,
			);
			name = BudgetControl;
			productName = BudgetControl;
			productReference = D9284F352C1094E0002A7AA5 /* BudgetControl.app */;
			productType = "com.apple.product-type.application";
		};
		D9284F462C1094E2002A7AA5 /* BudgetControlTests */ = {
			isa = PBXNativeTarget;
			buildConfigurationList = D9284F5E2C1094E2002A7AA5 /* Build configuration list for PBXNativeTarget "BudgetControlTests" */;
			buildPhases = (
				D9284F432C1094E2002A7AA5 /* Sources */,
				D9284F442C1094E2002A7AA5 /* Frameworks */,
				D9284F452C1094E2002A7AA5 /* Resources */,
			);
			buildRules = (
			);
			dependencies = (
				D9284F492C1094E2002A7AA5 /* PBXTargetDependency */,
			);
			name = BudgetControlTests;
			productName = BudgetControlTests;
			productReference = D9284F472C1094E2002A7AA5 /* BudgetControlTests.xctest */;
			productType = "com.apple.product-type.bundle.unit-test";
		};
		D9284F502C1094E2002A7AA5 /* BudgetControlUITests */ = {
			isa = PBXNativeTarget;
			buildConfigurationList = D9284F612C1094E2002A7AA5 /* Build configuration list for PBXNativeTarget "BudgetControlUITests" */;
			buildPhases = (
				D9284F4D2C1094E2002A7AA5 /* Sources */,
				D9284F4E2C1094E2002A7AA5 /* Frameworks */,
				D9284F4F2C1094E2002A7AA5 /* Resources */,
			);
			buildRules = (
			);
			dependencies = (
				D9284F532C1094E2002A7AA5 /* PBXTargetDependency */,
			);
			name = BudgetControlUITests;
			productName = BudgetControlUITests;
			productReference = D9284F512C1094E2002A7AA5 /* BudgetControlUITests.xctest */;
			productType = "com.apple.product-type.bundle.ui-testing";
		};
/* End PBXNativeTarget section */

/* Begin PBXProject section */
		D9284F2D2C1094E0002A7AA5 /* Project object */ = {
			isa = PBXProject;
			attributes = {
				BuildIndependentTargetsInParallel = 1;
				LastSwiftUpdateCheck = 1540;
				LastUpgradeCheck = 1600;
				TargetAttributes = {
					D9284F342C1094E0002A7AA5 = {
						CreatedOnToolsVersion = 15.4;
					};
					D9284F462C1094E2002A7AA5 = {
						CreatedOnToolsVersion = 15.4;
						TestTargetID = D9284F342C1094E0002A7AA5;
					};
					D9284F502C1094E2002A7AA5 = {
						CreatedOnToolsVersion = 15.4;
						TestTargetID = D9284F342C1094E0002A7AA5;
					};
				};
			};
			buildConfigurationList = D9284F302C1094E0002A7AA5 /* Build configuration list for PBXProject "BudgetControl" */;
			compatibilityVersion = "Xcode 14.0";
			developmentRegion = en;
			hasScannedForEncodings = 0;
			knownRegions = (
				en,
				Base,
			);
			mainGroup = D9284F2C2C1094E0002A7AA5;
			packageReferences = (
				3788F50D2C952E5900567A65 /* XCRemoteSwiftPackageReference "SwiftLintPlugins" */,
			);
			productRefGroup = D9284F362C1094E0002A7AA5 /* Products */;
			projectDirPath = "";
			projectRoot = "";
			targets = (
				D9284F342C1094E0002A7AA5 /* BudgetControl */,
				D9284F462C1094E2002A7AA5 /* BudgetControlTests */,
				D9284F502C1094E2002A7AA5 /* BudgetControlUITests */,
			);
		};
/* End PBXProject section */

/* Begin PBXResourcesBuildPhase section */
		D9284F332C1094E0002A7AA5 /* Resources */ = {
			isa = PBXResourcesBuildPhase;
			buildActionMask = 2147483647;
			files = (
				D9284F422C1094E2002A7AA5 /* Preview Assets.xcassets in Resources */,
				D9284F3F2C1094E2002A7AA5 /* Assets.xcassets in Resources */,
			);
			runOnlyForDeploymentPostprocessing = 0;
		};
		D9284F452C1094E2002A7AA5 /* Resources */ = {
			isa = PBXResourcesBuildPhase;
			buildActionMask = 2147483647;
			files = (
			);
			runOnlyForDeploymentPostprocessing = 0;
		};
		D9284F4F2C1094E2002A7AA5 /* Resources */ = {
			isa = PBXResourcesBuildPhase;
			buildActionMask = 2147483647;
			files = (
			);
			runOnlyForDeploymentPostprocessing = 0;
		};
/* End PBXResourcesBuildPhase section */

/* Begin PBXSourcesBuildPhase section */
		D9284F312C1094E0002A7AA5 /* Sources */ = {
			isa = PBXSourcesBuildPhase;
			buildActionMask = 2147483647;
			files = (
				D9284F392C1094E0002A7AA5 /* BudgetControlApp.swift in Sources */,
			);
			runOnlyForDeploymentPostprocessing = 0;
		};
		D9284F432C1094E2002A7AA5 /* Sources */ = {
			isa = PBXSourcesBuildPhase;
			buildActionMask = 2147483647;
			files = (
				D9284F4C2C1094E2002A7AA5 /* BudgetControlTests.swift in Sources */,
			);
			runOnlyForDeploymentPostprocessing = 0;
		};
		D9284F4D2C1094E2002A7AA5 /* Sources */ = {
			isa = PBXSourcesBuildPhase;
			buildActionMask = 2147483647;
			files = (
				D9284F562C1094E2002A7AA5 /* BudgetControlUITests.swift in Sources */,
				D9284F582C1094E2002A7AA5 /* BudgetControlUITestsLaunchTests.swift in Sources */,
			);
			runOnlyForDeploymentPostprocessing = 0;
		};
/* End PBXSourcesBuildPhase section */

/* Begin PBXTargetDependency section */
		D9284F492C1094E2002A7AA5 /* PBXTargetDependency */ = {
			isa = PBXTargetDependency;
			target = D9284F342C1094E0002A7AA5 /* BudgetControl */;
			targetProxy = D9284F482C1094E2002A7AA5 /* PBXContainerItemProxy */;
		};
		D9284F532C1094E2002A7AA5 /* PBXTargetDependency */ = {
			isa = PBXTargetDependency;
			target = D9284F342C1094E0002A7AA5 /* BudgetControl */;
			targetProxy = D9284F522C1094E2002A7AA5 /* PBXContainerItemProxy */;
		};
/* End PBXTargetDependency section */

/* Begin XCBuildConfiguration section */
		D9284F592C1094E2002A7AA5 /* Debug */ = {
			isa = XCBuildConfiguration;
			buildSettings = {
				ALWAYS_SEARCH_USER_PATHS = NO;
				ASSETCATALOG_COMPILER_GENERATE_SWIFT_ASSET_SYMBOL_EXTENSIONS = YES;
				CLANG_ANALYZER_NONNULL = YES;
				CLANG_ANALYZER_NUMBER_OBJECT_CONVERSION = YES_AGGRESSIVE;
				CLANG_CXX_LANGUAGE_STANDARD = "gnu++20";
				CLANG_ENABLE_MODULES = YES;
				CLANG_ENABLE_OBJC_ARC = YES;
				CLANG_ENABLE_OBJC_WEAK = YES;
				CLANG_WARN_BLOCK_CAPTURE_AUTORELEASING = YES;
				CLANG_WARN_BOOL_CONVERSION = YES;
				CLANG_WARN_COMMA = YES;
				CLANG_WARN_CONSTANT_CONVERSION = YES;
				CLANG_WARN_DEPRECATED_OBJC_IMPLEMENTATIONS = YES;
				CLANG_WARN_DIRECT_OBJC_ISA_USAGE = YES_ERROR;
				CLANG_WARN_DOCUMENTATION_COMMENTS = YES;
				CLANG_WARN_EMPTY_BODY = YES;
				CLANG_WARN_ENUM_CONVERSION = YES;
				CLANG_WARN_INFINITE_RECURSION = YES;
				CLANG_WARN_INT_CONVERSION = YES;
				CLANG_WARN_NON_LITERAL_NULL_CONVERSION = YES;
				CLANG_WARN_OBJC_IMPLICIT_RETAIN_SELF = YES;
				CLANG_WARN_OBJC_LITERAL_CONVERSION = YES;
				CLANG_WARN_OBJC_ROOT_CLASS = YES_ERROR;
				CLANG_WARN_QUOTED_INCLUDE_IN_FRAMEWORK_HEADER = YES;
				CLANG_WARN_RANGE_LOOP_ANALYSIS = YES;
				CLANG_WARN_STRICT_PROTOTYPES = YES;
				CLANG_WARN_SUSPICIOUS_MOVE = YES;
				CLANG_WARN_UNGUARDED_AVAILABILITY = YES_AGGRESSIVE;
				CLANG_WARN_UNREACHABLE_CODE = YES;
				CLANG_WARN__DUPLICATE_METHOD_MATCH = YES;
				COPY_PHASE_STRIP = NO;
				DEBUG_INFORMATION_FORMAT = dwarf;
				ENABLE_STRICT_OBJC_MSGSEND = YES;
				ENABLE_TESTABILITY = YES;
				ENABLE_USER_SCRIPT_SANDBOXING = YES;
				GCC_C_LANGUAGE_STANDARD = gnu17;
				GCC_DYNAMIC_NO_PIC = NO;
				GCC_NO_COMMON_BLOCKS = YES;
				GCC_OPTIMIZATION_LEVEL = 0;
				GCC_PREPROCESSOR_DEFINITIONS = (
					"DEBUG=1",
					"$(inherited)",
				);
				GCC_WARN_64_TO_32_BIT_CONVERSION = YES;
				GCC_WARN_ABOUT_RETURN_TYPE = YES_ERROR;
				GCC_WARN_UNDECLARED_SELECTOR = YES;
				GCC_WARN_UNINITIALIZED_AUTOS = YES_AGGRESSIVE;
				GCC_WARN_UNUSED_FUNCTION = YES;
				GCC_WARN_UNUSED_VARIABLE = YES;
				IPHONEOS_DEPLOYMENT_TARGET = 17.5;
				LOCALIZATION_PREFERS_STRING_CATALOGS = YES;
				MTL_ENABLE_DEBUG_INFO = INCLUDE_SOURCE;
				MTL_FAST_MATH = YES;
				ONLY_ACTIVE_ARCH = YES;
				SDKROOT = iphoneos;
				SWIFT_ACTIVE_COMPILATION_CONDITIONS = "DEBUG $(inherited)";
				SWIFT_OPTIMIZATION_LEVEL = "-Onone";
			};
			name = Debug;
		};
		D9284F5A2C1094E2002A7AA5 /* Release */ = {
			isa = XCBuildConfiguration;
			buildSettings = {
				ALWAYS_SEARCH_USER_PATHS = NO;
				ASSETCATALOG_COMPILER_GENERATE_SWIFT_ASSET_SYMBOL_EXTENSIONS = YES;
				CLANG_ANALYZER_NONNULL = YES;
				CLANG_ANALYZER_NUMBER_OBJECT_CONVERSION = YES_AGGRESSIVE;
				CLANG_CXX_LANGUAGE_STANDARD = "gnu++20";
				CLANG_ENABLE_MODULES = YES;
				CLANG_ENABLE_OBJC_ARC = YES;
				CLANG_ENABLE_OBJC_WEAK = YES;
				CLANG_WARN_BLOCK_CAPTURE_AUTORELEASING = YES;
				CLANG_WARN_BOOL_CONVERSION = YES;
				CLANG_WARN_COMMA = YES;
				CLANG_WARN_CONSTANT_CONVERSION = YES;
				CLANG_WARN_DEPRECATED_OBJC_IMPLEMENTATIONS = YES;
				CLANG_WARN_DIRECT_OBJC_ISA_USAGE = YES_ERROR;
				CLANG_WARN_DOCUMENTATION_COMMENTS = YES;
				CLANG_WARN_EMPTY_BODY = YES;
				CLANG_WARN_ENUM_CONVERSION = YES;
				CLANG_WARN_INFINITE_RECURSION = YES;
				CLANG_WARN_INT_CONVERSION = YES;
				CLANG_WARN_NON_LITERAL_NULL_CONVERSION = YES;
				CLANG_WARN_OBJC_IMPLICIT_RETAIN_SELF = YES;
				CLANG_WARN_OBJC_LITERAL_CONVERSION = YES;
				CLANG_WARN_OBJC_ROOT_CLASS = YES_ERROR;
				CLANG_WARN_QUOTED_INCLUDE_IN_FRAMEWORK_HEADER = YES;
				CLANG_WARN_RANGE_LOOP_ANALYSIS = YES;
				CLANG_WARN_STRICT_PROTOTYPES = YES;
				CLANG_WARN_SUSPICIOUS_MOVE = YES;
				CLANG_WARN_UNGUARDED_AVAILABILITY = YES_AGGRESSIVE;
				CLANG_WARN_UNREACHABLE_CODE = YES;
				CLANG_WARN__DUPLICATE_METHOD_MATCH = YES;
				COPY_PHASE_STRIP = NO;
				DEBUG_INFORMATION_FORMAT = "dwarf-with-dsym";
				ENABLE_NS_ASSERTIONS = NO;
				ENABLE_STRICT_OBJC_MSGSEND = YES;
				ENABLE_USER_SCRIPT_SANDBOXING = YES;
				GCC_C_LANGUAGE_STANDARD = gnu17;
				GCC_NO_COMMON_BLOCKS = YES;
				GCC_WARN_64_TO_32_BIT_CONVERSION = YES;
				GCC_WARN_ABOUT_RETURN_TYPE = YES_ERROR;
				GCC_WARN_UNDECLARED_SELECTOR = YES;
				GCC_WARN_UNINITIALIZED_AUTOS = YES_AGGRESSIVE;
				GCC_WARN_UNUSED_FUNCTION = YES;
				GCC_WARN_UNUSED_VARIABLE = YES;
				IPHONEOS_DEPLOYMENT_TARGET = 17.5;
				LOCALIZATION_PREFERS_STRING_CATALOGS = YES;
				MTL_ENABLE_DEBUG_INFO = NO;
				MTL_FAST_MATH = YES;
				SDKROOT = iphoneos;
				SWIFT_COMPILATION_MODE = wholemodule;
				VALIDATE_PRODUCT = YES;
			};
			name = Release;
		};
		D9284F5C2C1094E2002A7AA5 /* Debug */ = {
			isa = XCBuildConfiguration;
			buildSettings = {
				ASSETCATALOG_COMPILER_APPICON_NAME = AppIcon;
				ASSETCATALOG_COMPILER_GLOBAL_ACCENT_COLOR_NAME = AccentColor;
				CODE_SIGN_STYLE = Automatic;
				CURRENT_PROJECT_VERSION = 1;
				DEVELOPMENT_ASSET_PATHS = "\"BudgetControl/Preview Content\"";
				ENABLE_PREVIEWS = YES;
				GENERATE_INFOPLIST_FILE = YES;
				INFOPLIST_KEY_UIApplicationSceneManifest_Generation = YES;
				INFOPLIST_KEY_UIApplicationSupportsIndirectInputEvents = YES;
				INFOPLIST_KEY_UILaunchScreen_Generation = YES;
				INFOPLIST_KEY_UISupportedInterfaceOrientations_iPad = "UIInterfaceOrientationPortrait UIInterfaceOrientationPortraitUpsideDown UIInterfaceOrientationLandscapeLeft UIInterfaceOrientationLandscapeRight";
				INFOPLIST_KEY_UISupportedInterfaceOrientations_iPhone = "UIInterfaceOrientationPortrait UIInterfaceOrientationLandscapeLeft UIInterfaceOrientationLandscapeRight";
				LD_RUNPATH_SEARCH_PATHS = (
					"$(inherited)",
					"@executable_path/Frameworks",
				);
				MARKETING_VERSION = 1.0;
				PRODUCT_BUNDLE_IDENTIFIER = xyz.rogertjr.BudgetControl;
				PRODUCT_NAME = "$(TARGET_NAME)";
				SWIFT_EMIT_LOC_STRINGS = YES;
				SWIFT_VERSION = 5.0;
				TARGETED_DEVICE_FAMILY = "1,2";
			};
			name = Debug;
		};
		D9284F5D2C1094E2002A7AA5 /* Release */ = {
			isa = XCBuildConfiguration;
			buildSettings = {
				ASSETCATALOG_COMPILER_APPICON_NAME = AppIcon;
				ASSETCATALOG_COMPILER_GLOBAL_ACCENT_COLOR_NAME = AccentColor;
				CODE_SIGN_STYLE = Automatic;
				CURRENT_PROJECT_VERSION = 1;
				DEVELOPMENT_ASSET_PATHS = "\"BudgetControl/Preview Content\"";
				ENABLE_PREVIEWS = YES;
				GENERATE_INFOPLIST_FILE = YES;
				INFOPLIST_KEY_UIApplicationSceneManifest_Generation = YES;
				INFOPLIST_KEY_UIApplicationSupportsIndirectInputEvents = YES;
				INFOPLIST_KEY_UILaunchScreen_Generation = YES;
				INFOPLIST_KEY_UISupportedInterfaceOrientations_iPad = "UIInterfaceOrientationPortrait UIInterfaceOrientationPortraitUpsideDown UIInterfaceOrientationLandscapeLeft UIInterfaceOrientationLandscapeRight";
				INFOPLIST_KEY_UISupportedInterfaceOrientations_iPhone = "UIInterfaceOrientationPortrait UIInterfaceOrientationLandscapeLeft UIInterfaceOrientationLandscapeRight";
				LD_RUNPATH_SEARCH_PATHS = (
					"$(inherited)",
					"@executable_path/Frameworks",
				);
				MARKETING_VERSION = 1.0;
				PRODUCT_BUNDLE_IDENTIFIER = xyz.rogertjr.BudgetControl;
				PRODUCT_NAME = "$(TARGET_NAME)";
				SWIFT_EMIT_LOC_STRINGS = YES;
				SWIFT_VERSION = 5.0;
				TARGETED_DEVICE_FAMILY = "1,2";
			};
			name = Release;
		};
		D9284F5F2C1094E2002A7AA5 /* Debug */ = {
			isa = XCBuildConfiguration;
			buildSettings = {
				BUNDLE_LOADER = "$(TEST_HOST)";
				CODE_SIGN_STYLE = Automatic;
				CURRENT_PROJECT_VERSION = 1;
				GENERATE_INFOPLIST_FILE = YES;
				IPHONEOS_DEPLOYMENT_TARGET = 17.5;
				MARKETING_VERSION = 1.0;
				PRODUCT_BUNDLE_IDENTIFIER = xyz.rogertjr.BudgetControlTests;
				PRODUCT_NAME = "$(TARGET_NAME)";
				SWIFT_EMIT_LOC_STRINGS = NO;
				SWIFT_VERSION = 5.0;
				TARGETED_DEVICE_FAMILY = "1,2";
				TEST_HOST = "$(BUILT_PRODUCTS_DIR)/BudgetControl.app/$(BUNDLE_EXECUTABLE_FOLDER_PATH)/BudgetControl";
			};
			name = Debug;
		};
		D9284F602C1094E2002A7AA5 /* Release */ = {
			isa = XCBuildConfiguration;
			buildSettings = {
				BUNDLE_LOADER = "$(TEST_HOST)";
				CODE_SIGN_STYLE = Automatic;
				CURRENT_PROJECT_VERSION = 1;
				GENERATE_INFOPLIST_FILE = YES;
				IPHONEOS_DEPLOYMENT_TARGET = 17.5;
				MARKETING_VERSION = 1.0;
				PRODUCT_BUNDLE_IDENTIFIER = xyz.rogertjr.BudgetControlTests;
				PRODUCT_NAME = "$(TARGET_NAME)";
				SWIFT_EMIT_LOC_STRINGS = NO;
				SWIFT_VERSION = 5.0;
				TARGETED_DEVICE_FAMILY = "1,2";
				TEST_HOST = "$(BUILT_PRODUCTS_DIR)/BudgetControl.app/$(BUNDLE_EXECUTABLE_FOLDER_PATH)/BudgetControl";
			};
			name = Release;
		};
		D9284F622C1094E2002A7AA5 /* Debug */ = {
			isa = XCBuildConfiguration;
			buildSettings = {
				CODE_SIGN_STYLE = Automatic;
				CURRENT_PROJECT_VERSION = 1;
				GENERATE_INFOPLIST_FILE = YES;
				MARKETING_VERSION = 1.0;
				PRODUCT_BUNDLE_IDENTIFIER = xyz.rogertjr.BudgetControlUITests;
				PRODUCT_NAME = "$(TARGET_NAME)";
				SWIFT_EMIT_LOC_STRINGS = NO;
				SWIFT_VERSION = 5.0;
				TARGETED_DEVICE_FAMILY = "1,2";
				TEST_TARGET_NAME = BudgetControl;
			};
			name = Debug;
		};
		D9284F632C1094E2002A7AA5 /* Release */ = {
			isa = XCBuildConfiguration;
			buildSettings = {
				CODE_SIGN_STYLE = Automatic;
				CURRENT_PROJECT_VERSION = 1;
				GENERATE_INFOPLIST_FILE = YES;
				MARKETING_VERSION = 1.0;
				PRODUCT_BUNDLE_IDENTIFIER = xyz.rogertjr.BudgetControlUITests;
				PRODUCT_NAME = "$(TARGET_NAME)";
				SWIFT_EMIT_LOC_STRINGS = NO;
				SWIFT_VERSION = 5.0;
				TARGETED_DEVICE_FAMILY = "1,2";
				TEST_TARGET_NAME = BudgetControl;
			};
			name = Release;
		};
/* End XCBuildConfiguration section */

/* Begin XCConfigurationList section */
		D9284F302C1094E0002A7AA5 /* Build configuration list for PBXProject "BudgetControl" */ = {
			isa = XCConfigurationList;
			buildConfigurations = (
				D9284F592C1094E2002A7AA5 /* Debug */,
				D9284F5A2C1094E2002A7AA5 /* Release */,
			);
			defaultConfigurationIsVisible = 0;
			defaultConfigurationName = Release;
		};
		D9284F5B2C1094E2002A7AA5 /* Build configuration list for PBXNativeTarget "BudgetControl" */ = {
			isa = XCConfigurationList;
			buildConfigurations = (
				D9284F5C2C1094E2002A7AA5 /* Debug */,
				D9284F5D2C1094E2002A7AA5 /* Release */,
			);
			defaultConfigurationIsVisible = 0;
			defaultConfigurationName = Release;
		};
		D9284F5E2C1094E2002A7AA5 /* Build configuration list for PBXNativeTarget "BudgetControlTests" */ = {
			isa = XCConfigurationList;
			buildConfigurations = (
				D9284F5F2C1094E2002A7AA5 /* Debug */,
				D9284F602C1094E2002A7AA5 /* Release */,
			);
			defaultConfigurationIsVisible = 0;
			defaultConfigurationName = Release;
		};
		D9284F612C1094E2002A7AA5 /* Build configuration list for PBXNativeTarget "BudgetControlUITests" */ = {
			isa = XCConfigurationList;
			buildConfigurations = (
				D9284F622C1094E2002A7AA5 /* Debug */,
				D9284F632C1094E2002A7AA5 /* Release */,
			);
			defaultConfigurationIsVisible = 0;
			defaultConfigurationName = Release;
		};
/* End XCConfigurationList section */

/* Begin XCRemoteSwiftPackageReference section */
		3788F50D2C952E5900567A65 /* XCRemoteSwiftPackageReference "SwiftLintPlugins" */ = {
			isa = XCRemoteSwiftPackageReference;
			repositoryURL = "https://github.com/SimplyDanny/SwiftLintPlugins";
			requirement = {
				kind = upToNextMajorVersion;
				minimumVersion = 0.57.0;
			};
		};
/* End XCRemoteSwiftPackageReference section */
	};
	rootObject = D9284F2D2C1094E0002A7AA5 /* Project object */;
}
