// !$*UTF8*$!
{
	archiveVersion = 1;
	classes = {
	};
	objectVersion = 55;
	objects = {

/* Begin PBXBuildFile section */
		37591185283DBA3C003B6DAC /* BudgetControlApp.swift in Sources */ = {isa = PBXBuildFile; fileRef = 37591184283DBA3C003B6DAC /* BudgetControlApp.swift */; };
		37591189283DBA3E003B6DAC /* Assets.xcassets in Resources */ = {isa = PBXBuildFile; fileRef = 37591188283DBA3E003B6DAC /* Assets.xcassets */; };
		3759118C283DBA3E003B6DAC /* Preview Assets.xcassets in Resources */ = {isa = PBXBuildFile; fileRef = 3759118B283DBA3E003B6DAC /* Preview Assets.xcassets */; };
		37591196283DBB12003B6DAC /* DashboardView.swift in Sources */ = {isa = PBXBuildFile; fileRef = 37591195283DBB12003B6DAC /* DashboardView.swift */; };
		375911A2283E6B19003B6DAC /* CardCarouselView.swift in Sources */ = {isa = PBXBuildFile; fileRef = 375911A1283E6B19003B6DAC /* CardCarouselView.swift */; };
		375911A4283E6B28003B6DAC /* CardCarouselCellView.swift in Sources */ = {isa = PBXBuildFile; fileRef = 375911A3283E6B28003B6DAC /* CardCarouselCellView.swift */; };
		375911AA283E7198003B6DAC /* TransactionsListView.swift in Sources */ = {isa = PBXBuildFile; fileRef = 375911A9283E7198003B6DAC /* TransactionsListView.swift */; };
		375911AD283E7262003B6DAC /* TransactionCellView.swift in Sources */ = {isa = PBXBuildFile; fileRef = 375911AC283E7262003B6DAC /* TransactionCellView.swift */; };
		375911B0283E814B003B6DAC /* NewTransactionView.swift in Sources */ = {isa = PBXBuildFile; fileRef = 375911AF283E814B003B6DAC /* NewTransactionView.swift */; };
		375911B3283E823B003B6DAC /* NewTransactionViewModel.swift in Sources */ = {isa = PBXBuildFile; fileRef = 375911B2283E823B003B6DAC /* NewTransactionViewModel.swift */; };
		375911B5283E8766003B6DAC /* DashboardViewModel.swift in Sources */ = {isa = PBXBuildFile; fileRef = 375911B4283E8766003B6DAC /* DashboardViewModel.swift */; };
		375911BD283EA660003B6DAC /* BC.xcdatamodeld in Sources */ = {isa = PBXBuildFile; fileRef = 375911BB283EA660003B6DAC /* BC.xcdatamodeld */; };
		375911C0283EA6AF003B6DAC /* PersistenceProvider.swift in Sources */ = {isa = PBXBuildFile; fileRef = 375911BF283EA6AF003B6DAC /* PersistenceProvider.swift */; };
		375911D72842962B003B6DAC /* Card+CoreDataClass.swift in Sources */ = {isa = PBXBuildFile; fileRef = 375911D52842962A003B6DAC /* Card+CoreDataClass.swift */; };
		375911D82842962B003B6DAC /* Card+CoreDataProperties.swift in Sources */ = {isa = PBXBuildFile; fileRef = 375911D62842962B003B6DAC /* Card+CoreDataProperties.swift */; };
		375911DF2842A21D003B6DAC /* BaseModel.swift in Sources */ = {isa = PBXBuildFile; fileRef = 375911DE2842A21D003B6DAC /* BaseModel.swift */; };
		375911E22842A482003B6DAC /* CardModel.swift in Sources */ = {isa = PBXBuildFile; fileRef = 375911E12842A481003B6DAC /* CardModel.swift */; };
		375911E42842A52B003B6DAC /* TransactionModel.swift in Sources */ = {isa = PBXBuildFile; fileRef = 375911E32842A52B003B6DAC /* TransactionModel.swift */; };
		375911EB2842B6E4003B6DAC /* Transaction+CoreDataClass.swift in Sources */ = {isa = PBXBuildFile; fileRef = 375911E92842B6E4003B6DAC /* Transaction+CoreDataClass.swift */; };
		375911EC2842B6E4003B6DAC /* Transaction+CoreDataProperties.swift in Sources */ = {isa = PBXBuildFile; fileRef = 375911EA2842B6E4003B6DAC /* Transaction+CoreDataProperties.swift */; };
		37973B1528433D6200158E5D /* NewCardView.swift in Sources */ = {isa = PBXBuildFile; fileRef = 37973B1428433D6200158E5D /* NewCardView.swift */; };
		37973B1728433D8600158E5D /* NewCardViewModel.swift in Sources */ = {isa = PBXBuildFile; fileRef = 37973B1628433D8600158E5D /* NewCardViewModel.swift */; };
		37973B1B2843427300158E5D /* CardCarouselViewModel.swift in Sources */ = {isa = PBXBuildFile; fileRef = 37973B1A2843427300158E5D /* CardCarouselViewModel.swift */; };
		37973B1E2843432100158E5D /* Date+Ext.swift in Sources */ = {isa = PBXBuildFile; fileRef = 37973B1D2843432100158E5D /* Date+Ext.swift */; };
		37973B222843475B00158E5D /* Localizable.strings in Resources */ = {isa = PBXBuildFile; fileRef = 37973B242843475B00158E5D /* Localizable.strings */; };
		37973B2628434AEF00158E5D /* Color+Ext.swift in Sources */ = {isa = PBXBuildFile; fileRef = 37973B2528434AEF00158E5D /* Color+Ext.swift */; };
		37973B292843943700158E5D /* CurrencyTextField.swift in Sources */ = {isa = PBXBuildFile; fileRef = 37973B282843943700158E5D /* CurrencyTextField.swift */; };
		37A791E22842BFB900E234C7 /* String+Ext.swift in Sources */ = {isa = PBXBuildFile; fileRef = 37A791E12842BFB900E234C7 /* String+Ext.swift */; };
/* End PBXBuildFile section */

/* Begin PBXFileReference section */
		37591181283DBA3B003B6DAC /* BudgetControl.app */ = {isa = PBXFileReference; explicitFileType = wrapper.application; includeInIndex = 0; path = BudgetControl.app; sourceTree = BUILT_PRODUCTS_DIR; };
		37591184283DBA3C003B6DAC /* BudgetControlApp.swift */ = {isa = PBXFileReference; lastKnownFileType = sourcecode.swift; path = BudgetControlApp.swift; sourceTree = "<group>"; };
		37591188283DBA3E003B6DAC /* Assets.xcassets */ = {isa = PBXFileReference; lastKnownFileType = folder.assetcatalog; path = Assets.xcassets; sourceTree = "<group>"; };
		3759118B283DBA3E003B6DAC /* Preview Assets.xcassets */ = {isa = PBXFileReference; lastKnownFileType = folder.assetcatalog; path = "Preview Assets.xcassets"; sourceTree = "<group>"; };
		37591195283DBB12003B6DAC /* DashboardView.swift */ = {isa = PBXFileReference; lastKnownFileType = sourcecode.swift; path = DashboardView.swift; sourceTree = "<group>"; };
		375911A1283E6B19003B6DAC /* CardCarouselView.swift */ = {isa = PBXFileReference; lastKnownFileType = sourcecode.swift; path = CardCarouselView.swift; sourceTree = "<group>"; };
		375911A3283E6B28003B6DAC /* CardCarouselCellView.swift */ = {isa = PBXFileReference; lastKnownFileType = sourcecode.swift; path = CardCarouselCellView.swift; sourceTree = "<group>"; };
		375911A9283E7198003B6DAC /* TransactionsListView.swift */ = {isa = PBXFileReference; lastKnownFileType = sourcecode.swift; path = TransactionsListView.swift; sourceTree = "<group>"; };
		375911AC283E7262003B6DAC /* TransactionCellView.swift */ = {isa = PBXFileReference; lastKnownFileType = sourcecode.swift; path = TransactionCellView.swift; sourceTree = "<group>"; };
		375911AF283E814B003B6DAC /* NewTransactionView.swift */ = {isa = PBXFileReference; lastKnownFileType = sourcecode.swift; path = NewTransactionView.swift; sourceTree = "<group>"; };
		375911B2283E823B003B6DAC /* NewTransactionViewModel.swift */ = {isa = PBXFileReference; lastKnownFileType = sourcecode.swift; path = NewTransactionViewModel.swift; sourceTree = "<group>"; };
		375911B4283E8766003B6DAC /* DashboardViewModel.swift */ = {isa = PBXFileReference; lastKnownFileType = sourcecode.swift; path = DashboardViewModel.swift; sourceTree = "<group>"; };
		375911BC283EA660003B6DAC /* BC.xcdatamodel */ = {isa = PBXFileReference; lastKnownFileType = wrapper.xcdatamodel; path = BC.xcdatamodel; sourceTree = "<group>"; };
		375911BF283EA6AF003B6DAC /* PersistenceProvider.swift */ = {isa = PBXFileReference; lastKnownFileType = sourcecode.swift; path = PersistenceProvider.swift; sourceTree = "<group>"; };
		375911D52842962A003B6DAC /* Card+CoreDataClass.swift */ = {isa = PBXFileReference; lastKnownFileType = sourcecode.swift; path = "Card+CoreDataClass.swift"; sourceTree = "<group>"; };
		375911D62842962B003B6DAC /* Card+CoreDataProperties.swift */ = {isa = PBXFileReference; lastKnownFileType = sourcecode.swift; path = "Card+CoreDataProperties.swift"; sourceTree = "<group>"; };
		375911DE2842A21D003B6DAC /* BaseModel.swift */ = {isa = PBXFileReference; lastKnownFileType = sourcecode.swift; path = BaseModel.swift; sourceTree = "<group>"; };
		375911E12842A481003B6DAC /* CardModel.swift */ = {isa = PBXFileReference; lastKnownFileType = sourcecode.swift; path = CardModel.swift; sourceTree = "<group>"; };
		375911E32842A52B003B6DAC /* TransactionModel.swift */ = {isa = PBXFileReference; lastKnownFileType = sourcecode.swift; path = TransactionModel.swift; sourceTree = "<group>"; };
		375911E92842B6E4003B6DAC /* Transaction+CoreDataClass.swift */ = {isa = PBXFileReference; lastKnownFileType = sourcecode.swift; path = "Transaction+CoreDataClass.swift"; sourceTree = "<group>"; };
		375911EA2842B6E4003B6DAC /* Transaction+CoreDataProperties.swift */ = {isa = PBXFileReference; lastKnownFileType = sourcecode.swift; path = "Transaction+CoreDataProperties.swift"; sourceTree = "<group>"; };
		37973B1428433D6200158E5D /* NewCardView.swift */ = {isa = PBXFileReference; lastKnownFileType = sourcecode.swift; path = NewCardView.swift; sourceTree = "<group>"; };
		37973B1628433D8600158E5D /* NewCardViewModel.swift */ = {isa = PBXFileReference; lastKnownFileType = sourcecode.swift; path = NewCardViewModel.swift; sourceTree = "<group>"; };
		37973B1A2843427300158E5D /* CardCarouselViewModel.swift */ = {isa = PBXFileReference; lastKnownFileType = sourcecode.swift; path = CardCarouselViewModel.swift; sourceTree = "<group>"; };
		37973B1D2843432100158E5D /* Date+Ext.swift */ = {isa = PBXFileReference; lastKnownFileType = sourcecode.swift; path = "Date+Ext.swift"; sourceTree = "<group>"; };
		37973B232843475B00158E5D /* en */ = {isa = PBXFileReference; lastKnownFileType = text.plist.strings; name = en; path = en.lproj/Localizable.strings; sourceTree = "<group>"; };
		37973B2528434AEF00158E5D /* Color+Ext.swift */ = {isa = PBXFileReference; lastKnownFileType = sourcecode.swift; path = "Color+Ext.swift"; sourceTree = "<group>"; };
		37973B282843943700158E5D /* CurrencyTextField.swift */ = {isa = PBXFileReference; lastKnownFileType = sourcecode.swift; path = CurrencyTextField.swift; sourceTree = "<group>"; };
		37A791E12842BFB900E234C7 /* String+Ext.swift */ = {isa = PBXFileReference; lastKnownFileType = sourcecode.swift; path = "String+Ext.swift"; sourceTree = "<group>"; };
/* End PBXFileReference section */

/* Begin PBXFrameworksBuildPhase section */
		3759117E283DBA3B003B6DAC /* Frameworks */ = {
			isa = PBXFrameworksBuildPhase;
			buildActionMask = 2147483647;
			files = (
			);
			runOnlyForDeploymentPostprocessing = 0;
		};
/* End PBXFrameworksBuildPhase section */

/* Begin PBXGroup section */
		37591178283DBA3B003B6DAC = {
			isa = PBXGroup;
			children = (
				37591183283DBA3B003B6DAC /* BudgetControl */,
				37591182283DBA3B003B6DAC /* Products */,
			);
			sourceTree = "<group>";
		};
		37591182283DBA3B003B6DAC /* Products */ = {
			isa = PBXGroup;
			children = (
				37591181283DBA3B003B6DAC /* BudgetControl.app */,
			);
			name = Products;
			sourceTree = "<group>";
		};
		37591183283DBA3B003B6DAC /* BudgetControl */ = {
			isa = PBXGroup;
			children = (
				3759119E283E6AF7003B6DAC /* Util */,
				37591197283E69FA003B6DAC /* Data */,
				37591193283DBAEC003B6DAC /* View */,
				37591192283DBAE4003B6DAC /* App */,
				37591188283DBA3E003B6DAC /* Assets.xcassets */,
				3759118A283DBA3E003B6DAC /* Preview Content */,
			);
			path = BudgetControl;
			sourceTree = "<group>";
		};
		3759118A283DBA3E003B6DAC /* Preview Content */ = {
			isa = PBXGroup;
			children = (
				3759118B283DBA3E003B6DAC /* Preview Assets.xcassets */,
			);
			path = "Preview Content";
			sourceTree = "<group>";
		};
		37591192283DBAE4003B6DAC /* App */ = {
			isa = PBXGroup;
			children = (
				37591184283DBA3C003B6DAC /* BudgetControlApp.swift */,
				375911BB283EA660003B6DAC /* BC.xcdatamodeld */,
			);
			path = App;
			sourceTree = "<group>";
		};
		37591193283DBAEC003B6DAC /* View */ = {
			isa = PBXGroup;
			children = (
				37973B1328433D5700158E5D /* NewCard */,
				375911AE283E813A003B6DAC /* NewTransaction */,
				37591194283DBAF4003B6DAC /* Dashboard */,
			);
			path = View;
			sourceTree = "<group>";
		};
		37591194283DBAF4003B6DAC /* Dashboard */ = {
			isa = PBXGroup;
			children = (
				375911D22842933A003B6DAC /* ViewModel */,
				37591195283DBB12003B6DAC /* DashboardView.swift */,
			);
			path = Dashboard;
			sourceTree = "<group>";
		};
		37591197283E69FA003B6DAC /* Data */ = {
			isa = PBXGroup;
			children = (
				375911BE283EA69E003B6DAC /* Persistence */,
				3759119B283E6A1F003B6DAC /* Model */,
			);
			path = Data;
			sourceTree = "<group>";
		};
		3759119B283E6A1F003B6DAC /* Model */ = {
			isa = PBXGroup;
			children = (
				375911DD2842A214003B6DAC /* Base */,
				375911D428429363003B6DAC /* Transaction */,
				375911D32842935A003B6DAC /* Card */,
			);
			path = Model;
			sourceTree = "<group>";
		};
		3759119E283E6AF7003B6DAC /* Util */ = {
			isa = PBXGroup;
			children = (
				37973B272843942C00158E5D /* Custom */,
				37973B1F2843472D00158E5D /* Localizable */,
				375911ED2842BF2E003B6DAC /* Extensions */,
				3759119F283E6AFD003B6DAC /* Components */,
			);
			path = Util;
			sourceTree = "<group>";
		};
		3759119F283E6AFD003B6DAC /* Components */ = {
			isa = PBXGroup;
			children = (
				375911A8283E7104003B6DAC /* Transactions */,
				375911A0283E6B08003B6DAC /* CardCarousel */,
			);
			path = Components;
			sourceTree = "<group>";
		};
		375911A0283E6B08003B6DAC /* CardCarousel */ = {
			isa = PBXGroup;
			children = (
				37973B192843426600158E5D /* ViewModel */,
				375911A5283E6B2C003B6DAC /* Cell */,
				375911A1283E6B19003B6DAC /* CardCarouselView.swift */,
			);
			path = CardCarousel;
			sourceTree = "<group>";
		};
		375911A5283E6B2C003B6DAC /* Cell */ = {
			isa = PBXGroup;
			children = (
				375911A3283E6B28003B6DAC /* CardCarouselCellView.swift */,
			);
			path = Cell;
			sourceTree = "<group>";
		};
		375911A8283E7104003B6DAC /* Transactions */ = {
			isa = PBXGroup;
			children = (
				375911AB283E71A1003B6DAC /* Cell */,
				375911A9283E7198003B6DAC /* TransactionsListView.swift */,
			);
			path = Transactions;
			sourceTree = "<group>";
		};
		375911AB283E71A1003B6DAC /* Cell */ = {
			isa = PBXGroup;
			children = (
				375911AC283E7262003B6DAC /* TransactionCellView.swift */,
			);
			path = Cell;
			sourceTree = "<group>";
		};
		375911AE283E813A003B6DAC /* NewTransaction */ = {
			isa = PBXGroup;
			children = (
				375911B1283E8230003B6DAC /* ViewModel */,
				375911AF283E814B003B6DAC /* NewTransactionView.swift */,
			);
			path = NewTransaction;
			sourceTree = "<group>";
		};
		375911B1283E8230003B6DAC /* ViewModel */ = {
			isa = PBXGroup;
			children = (
				375911B2283E823B003B6DAC /* NewTransactionViewModel.swift */,
			);
			path = ViewModel;
			sourceTree = "<group>";
		};
		375911BE283EA69E003B6DAC /* Persistence */ = {
			isa = PBXGroup;
			children = (
				375911BF283EA6AF003B6DAC /* PersistenceProvider.swift */,
			);
			path = Persistence;
			sourceTree = "<group>";
		};
		375911D22842933A003B6DAC /* ViewModel */ = {
			isa = PBXGroup;
			children = (
				375911B4283E8766003B6DAC /* DashboardViewModel.swift */,
			);
			path = ViewModel;
			sourceTree = "<group>";
		};
		375911D32842935A003B6DAC /* Card */ = {
			isa = PBXGroup;
			children = (
				375911E12842A481003B6DAC /* CardModel.swift */,
				375911D52842962A003B6DAC /* Card+CoreDataClass.swift */,
				375911D62842962B003B6DAC /* Card+CoreDataProperties.swift */,
			);
			path = Card;
			sourceTree = "<group>";
		};
		375911D428429363003B6DAC /* Transaction */ = {
			isa = PBXGroup;
			children = (
				375911E32842A52B003B6DAC /* TransactionModel.swift */,
				375911E92842B6E4003B6DAC /* Transaction+CoreDataClass.swift */,
				375911EA2842B6E4003B6DAC /* Transaction+CoreDataProperties.swift */,
			);
			path = Transaction;
			sourceTree = "<group>";
		};
		375911DD2842A214003B6DAC /* Base */ = {
			isa = PBXGroup;
			children = (
				375911DE2842A21D003B6DAC /* BaseModel.swift */,
			);
			path = Base;
			sourceTree = "<group>";
		};
		375911ED2842BF2E003B6DAC /* Extensions */ = {
			isa = PBXGroup;
			children = (
				37A791E12842BFB900E234C7 /* String+Ext.swift */,
				37973B1D2843432100158E5D /* Date+Ext.swift */,
				37973B2528434AEF00158E5D /* Color+Ext.swift */,
			);
			path = Extensions;
			sourceTree = "<group>";
		};
		37973B1328433D5700158E5D /* NewCard */ = {
			isa = PBXGroup;
			children = (
				37973B1828433D8C00158E5D /* ViewModel */,
				37973B1428433D6200158E5D /* NewCardView.swift */,
			);
			path = NewCard;
			sourceTree = "<group>";
		};
		37973B1828433D8C00158E5D /* ViewModel */ = {
			isa = PBXGroup;
			children = (
				37973B1628433D8600158E5D /* NewCardViewModel.swift */,
			);
			path = ViewModel;
			sourceTree = "<group>";
		};
		37973B192843426600158E5D /* ViewModel */ = {
			isa = PBXGroup;
			children = (
				37973B1A2843427300158E5D /* CardCarouselViewModel.swift */,
			);
			name = ViewModel;
			sourceTree = "<group>";
		};
		37973B1F2843472D00158E5D /* Localizable */ = {
			isa = PBXGroup;
			children = (
				37973B242843475B00158E5D /* Localizable.strings */,
			);
			path = Localizable;
			sourceTree = "<group>";
		};
		37973B272843942C00158E5D /* Custom */ = {
			isa = PBXGroup;
			children = (
				37973B282843943700158E5D /* CurrencyTextField.swift */,
			);
			path = Custom;
			sourceTree = "<group>";
		};
/* End PBXGroup section */

/* Begin PBXNativeTarget section */
		37591180283DBA3B003B6DAC /* BudgetControl */ = {
			isa = PBXNativeTarget;
			buildConfigurationList = 3759118F283DBA3E003B6DAC /* Build configuration list for PBXNativeTarget "BudgetControl" */;
			buildPhases = (
				3759117D283DBA3B003B6DAC /* Sources */,
				3759117E283DBA3B003B6DAC /* Frameworks */,
				3759117F283DBA3B003B6DAC /* Resources */,
			);
			buildRules = (
			);
			dependencies = (
			);
			name = BudgetControl;
			productName = BudgetControl;
			productReference = 37591181283DBA3B003B6DAC /* BudgetControl.app */;
			productType = "com.apple.product-type.application";
		};
/* End PBXNativeTarget section */

/* Begin PBXProject section */
		37591179283DBA3B003B6DAC /* Project object */ = {
			isa = PBXProject;
			attributes = {
				BuildIndependentTargetsInParallel = 1;
				LastSwiftUpdateCheck = 1340;
				LastUpgradeCheck = 1340;
				TargetAttributes = {
					37591180283DBA3B003B6DAC = {
						CreatedOnToolsVersion = 13.4;
					};
				};
			};
			buildConfigurationList = 3759117C283DBA3B003B6DAC /* Build configuration list for PBXProject "BudgetControl" */;
			compatibilityVersion = "Xcode 13.0";
			developmentRegion = en;
			hasScannedForEncodings = 0;
			knownRegions = (
				en,
				Base,
			);
			mainGroup = 37591178283DBA3B003B6DAC;
			productRefGroup = 37591182283DBA3B003B6DAC /* Products */;
			projectDirPath = "";
			projectRoot = "";
			targets = (
				37591180283DBA3B003B6DAC /* BudgetControl */,
			);
		};
/* End PBXProject section */

/* Begin PBXResourcesBuildPhase section */
		3759117F283DBA3B003B6DAC /* Resources */ = {
			isa = PBXResourcesBuildPhase;
			buildActionMask = 2147483647;
			files = (
				3759118C283DBA3E003B6DAC /* Preview Assets.xcassets in Resources */,
				37973B222843475B00158E5D /* Localizable.strings in Resources */,
				37591189283DBA3E003B6DAC /* Assets.xcassets in Resources */,
			);
			runOnlyForDeploymentPostprocessing = 0;
		};
/* End PBXResourcesBuildPhase section */

/* Begin PBXSourcesBuildPhase section */
		3759117D283DBA3B003B6DAC /* Sources */ = {
			isa = PBXSourcesBuildPhase;
			buildActionMask = 2147483647;
			files = (
				375911C0283EA6AF003B6DAC /* PersistenceProvider.swift in Sources */,
				37973B1B2843427300158E5D /* CardCarouselViewModel.swift in Sources */,
				375911D72842962B003B6DAC /* Card+CoreDataClass.swift in Sources */,
				37973B1E2843432100158E5D /* Date+Ext.swift in Sources */,
				375911EC2842B6E4003B6DAC /* Transaction+CoreDataProperties.swift in Sources */,
				37973B2628434AEF00158E5D /* Color+Ext.swift in Sources */,
				375911B0283E814B003B6DAC /* NewTransactionView.swift in Sources */,
				375911EB2842B6E4003B6DAC /* Transaction+CoreDataClass.swift in Sources */,
				375911E22842A482003B6DAC /* CardModel.swift in Sources */,
				375911B5283E8766003B6DAC /* DashboardViewModel.swift in Sources */,
				375911A2283E6B19003B6DAC /* CardCarouselView.swift in Sources */,
				375911A4283E6B28003B6DAC /* CardCarouselCellView.swift in Sources */,
				375911E42842A52B003B6DAC /* TransactionModel.swift in Sources */,
				37973B292843943700158E5D /* CurrencyTextField.swift in Sources */,
				375911B3283E823B003B6DAC /* NewTransactionViewModel.swift in Sources */,
				375911D82842962B003B6DAC /* Card+CoreDataProperties.swift in Sources */,
				37973B1528433D6200158E5D /* NewCardView.swift in Sources */,
				375911DF2842A21D003B6DAC /* BaseModel.swift in Sources */,
				37591196283DBB12003B6DAC /* DashboardView.swift in Sources */,
				375911BD283EA660003B6DAC /* BC.xcdatamodeld in Sources */,
				375911AA283E7198003B6DAC /* TransactionsListView.swift in Sources */,
				375911AD283E7262003B6DAC /* TransactionCellView.swift in Sources */,
				37A791E22842BFB900E234C7 /* String+Ext.swift in Sources */,
				37591185283DBA3C003B6DAC /* BudgetControlApp.swift in Sources */,
				37973B1728433D8600158E5D /* NewCardViewModel.swift in Sources */,
			);
			runOnlyForDeploymentPostprocessing = 0;
		};
/* End PBXSourcesBuildPhase section */

/* Begin PBXVariantGroup section */
		37973B242843475B00158E5D /* Localizable.strings */ = {
			isa = PBXVariantGroup;
			children = (
				37973B232843475B00158E5D /* en */,
			);
			name = Localizable.strings;
			sourceTree = "<group>";
		};
/* End PBXVariantGroup section */

/* Begin XCBuildConfiguration section */
		3759118D283DBA3E003B6DAC /* Debug */ = {
			isa = XCBuildConfiguration;
			buildSettings = {
				ALWAYS_SEARCH_USER_PATHS = NO;
				CLANG_ANALYZER_NONNULL = YES;
				CLANG_ANALYZER_NUMBER_OBJECT_CONVERSION = YES_AGGRESSIVE;
				CLANG_CXX_LANGUAGE_STANDARD = "gnu++17";
				CLANG_ENABLE_MODULES = YES;
				CLANG_ENABLE_OBJC_ARC = YES;
				CLANG_ENABLE_OBJC_WEAK = YES;
				CLANG_WARN_BLOCK_CAPTURE_AUTORELEASING = YES;
				CLANG_WARN_BOOL_CONVERSION = YES;
				CLANG_WARN_COMMA = YES;
				CLANG_WARN_CONSTANT_CONVERSION = YES;
				CLANG_WARN_DEPRECATED_OBJC_IMPLEMENTATIONS = YES;
				CLANG_WARN_DIRECT_OBJC_ISA_USAGE = YES_ERROR;
				CLANG_WARN_DOCUMENTATION_COMMENTS = YES;
				CLANG_WARN_EMPTY_BODY = YES;
				CLANG_WARN_ENUM_CONVERSION = YES;
				CLANG_WARN_INFINITE_RECURSION = YES;
				CLANG_WARN_INT_CONVERSION = YES;
				CLANG_WARN_NON_LITERAL_NULL_CONVERSION = YES;
				CLANG_WARN_OBJC_IMPLICIT_RETAIN_SELF = YES;
				CLANG_WARN_OBJC_LITERAL_CONVERSION = YES;
				CLANG_WARN_OBJC_ROOT_CLASS = YES_ERROR;
				CLANG_WARN_QUOTED_INCLUDE_IN_FRAMEWORK_HEADER = YES;
				CLANG_WARN_RANGE_LOOP_ANALYSIS = YES;
				CLANG_WARN_STRICT_PROTOTYPES = YES;
				CLANG_WARN_SUSPICIOUS_MOVE = YES;
				CLANG_WARN_UNGUARDED_AVAILABILITY = YES_AGGRESSIVE;
				CLANG_WARN_UNREACHABLE_CODE = YES;
				CLANG_WARN__DUPLICATE_METHOD_MATCH = YES;
				COPY_PHASE_STRIP = NO;
				DEBUG_INFORMATION_FORMAT = dwarf;
				ENABLE_STRICT_OBJC_MSGSEND = YES;
				ENABLE_TESTABILITY = YES;
				GCC_C_LANGUAGE_STANDARD = gnu11;
				GCC_DYNAMIC_NO_PIC = NO;
				GCC_NO_COMMON_BLOCKS = YES;
				GCC_OPTIMIZATION_LEVEL = 0;
				GCC_PREPROCESSOR_DEFINITIONS = (
					"DEBUG=1",
					"$(inherited)",
				);
				GCC_WARN_64_TO_32_BIT_CONVERSION = YES;
				GCC_WARN_ABOUT_RETURN_TYPE = YES_ERROR;
				GCC_WARN_UNDECLARED_SELECTOR = YES;
				GCC_WARN_UNINITIALIZED_AUTOS = YES_AGGRESSIVE;
				GCC_WARN_UNUSED_FUNCTION = YES;
				GCC_WARN_UNUSED_VARIABLE = YES;
				IPHONEOS_DEPLOYMENT_TARGET = 15.5;
				MTL_ENABLE_DEBUG_INFO = INCLUDE_SOURCE;
				MTL_FAST_MATH = YES;
				ONLY_ACTIVE_ARCH = YES;
				SDKROOT = iphoneos;
				SWIFT_ACTIVE_COMPILATION_CONDITIONS = DEBUG;
				SWIFT_OPTIMIZATION_LEVEL = "-Onone";
			};
			name = Debug;
		};
		3759118E283DBA3E003B6DAC /* Release */ = {
			isa = XCBuildConfiguration;
			buildSettings = {
				ALWAYS_SEARCH_USER_PATHS = NO;
				CLANG_ANALYZER_NONNULL = YES;
				CLANG_ANALYZER_NUMBER_OBJECT_CONVERSION = YES_AGGRESSIVE;
				CLANG_CXX_LANGUAGE_STANDARD = "gnu++17";
				CLANG_ENABLE_MODULES = YES;
				CLANG_ENABLE_OBJC_ARC = YES;
				CLANG_ENABLE_OBJC_WEAK = YES;
				CLANG_WARN_BLOCK_CAPTURE_AUTORELEASING = YES;
				CLANG_WARN_BOOL_CONVERSION = YES;
				CLANG_WARN_COMMA = YES;
				CLANG_WARN_CONSTANT_CONVERSION = YES;
				CLANG_WARN_DEPRECATED_OBJC_IMPLEMENTATIONS = YES;
				CLANG_WARN_DIRECT_OBJC_ISA_USAGE = YES_ERROR;
				CLANG_WARN_DOCUMENTATION_COMMENTS = YES;
				CLANG_WARN_EMPTY_BODY = YES;
				CLANG_WARN_ENUM_CONVERSION = YES;
				CLANG_WARN_INFINITE_RECURSION = YES;
				CLANG_WARN_INT_CONVERSION = YES;
				CLANG_WARN_NON_LITERAL_NULL_CONVERSION = YES;
				CLANG_WARN_OBJC_IMPLICIT_RETAIN_SELF = YES;
				CLANG_WARN_OBJC_LITERAL_CONVERSION = YES;
				CLANG_WARN_OBJC_ROOT_CLASS = YES_ERROR;
				CLANG_WARN_QUOTED_INCLUDE_IN_FRAMEWORK_HEADER = YES;
				CLANG_WARN_RANGE_LOOP_ANALYSIS = YES;
				CLANG_WARN_STRICT_PROTOTYPES = YES;
				CLANG_WARN_SUSPICIOUS_MOVE = YES;
				CLANG_WARN_UNGUARDED_AVAILABILITY = YES_AGGRESSIVE;
				CLANG_WARN_UNREACHABLE_CODE = YES;
				CLANG_WARN__DUPLICATE_METHOD_MATCH = YES;
				COPY_PHASE_STRIP = NO;
				DEBUG_INFORMATION_FORMAT = "dwarf-with-dsym";
				ENABLE_NS_ASSERTIONS = NO;
				ENABLE_STRICT_OBJC_MSGSEND = YES;
				GCC_C_LANGUAGE_STANDARD = gnu11;
				GCC_NO_COMMON_BLOCKS = YES;
				GCC_WARN_64_TO_32_BIT_CONVERSION = YES;
				GCC_WARN_ABOUT_RETURN_TYPE = YES_ERROR;
				GCC_WARN_UNDECLARED_SELECTOR = YES;
				GCC_WARN_UNINITIALIZED_AUTOS = YES_AGGRESSIVE;
				GCC_WARN_UNUSED_FUNCTION = YES;
				GCC_WARN_UNUSED_VARIABLE = YES;
				IPHONEOS_DEPLOYMENT_TARGET = 15.5;
				MTL_ENABLE_DEBUG_INFO = NO;
				MTL_FAST_MATH = YES;
				SDKROOT = iphoneos;
				SWIFT_COMPILATION_MODE = wholemodule;
				SWIFT_OPTIMIZATION_LEVEL = "-O";
				VALIDATE_PRODUCT = YES;
			};
			name = Release;
		};
		37591190283DBA3E003B6DAC /* Debug */ = {
			isa = XCBuildConfiguration;
			buildSettings = {
				ASSETCATALOG_COMPILER_APPICON_NAME = AppIcon;
				ASSETCATALOG_COMPILER_GLOBAL_ACCENT_COLOR_NAME = AccentColor;
				CODE_SIGN_STYLE = Automatic;
				CURRENT_PROJECT_VERSION = 1;
				DEVELOPMENT_ASSET_PATHS = "\"BudgetControl/Preview Content\"";
				DEVELOPMENT_TEAM = 597969VDF7;
				ENABLE_PREVIEWS = YES;
				GENERATE_INFOPLIST_FILE = YES;
				INFOPLIST_KEY_UIApplicationSceneManifest_Generation = YES;
				INFOPLIST_KEY_UIApplicationSupportsIndirectInputEvents = YES;
				INFOPLIST_KEY_UILaunchScreen_Generation = YES;
				INFOPLIST_KEY_UISupportedInterfaceOrientations = UIInterfaceOrientationPortrait;
				INFOPLIST_KEY_UISupportedInterfaceOrientations_iPad = "UIInterfaceOrientationPortrait UIInterfaceOrientationPortraitUpsideDown UIInterfaceOrientationLandscapeLeft UIInterfaceOrientationLandscapeRight";
				INFOPLIST_KEY_UISupportedInterfaceOrientations_iPhone = "UIInterfaceOrientationPortrait UIInterfaceOrientationLandscapeLeft UIInterfaceOrientationLandscapeRight";
				LD_RUNPATH_SEARCH_PATHS = (
					"$(inherited)",
					"@executable_path/Frameworks",
				);
				MARKETING_VERSION = 1.0;
				PRODUCT_BUNDLE_IDENTIFIER = xyz.rogertjr.BudgetControl;
				PRODUCT_NAME = "$(TARGET_NAME)";
				SWIFT_EMIT_LOC_STRINGS = YES;
				SWIFT_VERSION = 5.0;
				TARGETED_DEVICE_FAMILY = 1;
			};
			name = Debug;
		};
		37591191283DBA3E003B6DAC /* Release */ = {
			isa = XCBuildConfiguration;
			buildSettings = {
				ASSETCATALOG_COMPILER_APPICON_NAME = AppIcon;
				ASSETCATALOG_COMPILER_GLOBAL_ACCENT_COLOR_NAME = AccentColor;
				CODE_SIGN_STYLE = Automatic;
				CURRENT_PROJECT_VERSION = 1;
				DEVELOPMENT_ASSET_PATHS = "\"BudgetControl/Preview Content\"";
				DEVELOPMENT_TEAM = 597969VDF7;
				ENABLE_PREVIEWS = YES;
				GENERATE_INFOPLIST_FILE = YES;
				INFOPLIST_KEY_UIApplicationSceneManifest_Generation = YES;
				INFOPLIST_KEY_UIApplicationSupportsIndirectInputEvents = YES;
				INFOPLIST_KEY_UILaunchScreen_Generation = YES;
				INFOPLIST_KEY_UISupportedInterfaceOrientations = UIInterfaceOrientationPortrait;
				INFOPLIST_KEY_UISupportedInterfaceOrientations_iPad = "UIInterfaceOrientationPortrait UIInterfaceOrientationPortraitUpsideDown UIInterfaceOrientationLandscapeLeft UIInterfaceOrientationLandscapeRight";
				INFOPLIST_KEY_UISupportedInterfaceOrientations_iPhone = "UIInterfaceOrientationPortrait UIInterfaceOrientationLandscapeLeft UIInterfaceOrientationLandscapeRight";
				LD_RUNPATH_SEARCH_PATHS = (
					"$(inherited)",
					"@executable_path/Frameworks",
				);
				MARKETING_VERSION = 1.0;
				PRODUCT_BUNDLE_IDENTIFIER = xyz.rogertjr.BudgetControl;
				PRODUCT_NAME = "$(TARGET_NAME)";
				SWIFT_EMIT_LOC_STRINGS = YES;
				SWIFT_VERSION = 5.0;
				TARGETED_DEVICE_FAMILY = 1;
			};
			name = Release;
		};
/* End XCBuildConfiguration section */

/* Begin XCConfigurationList section */
		3759117C283DBA3B003B6DAC /* Build configuration list for PBXProject "BudgetControl" */ = {
			isa = XCConfigurationList;
			buildConfigurations = (
				3759118D283DBA3E003B6DAC /* Debug */,
				3759118E283DBA3E003B6DAC /* Release */,
			);
			defaultConfigurationIsVisible = 0;
			defaultConfigurationName = Release;
		};
		3759118F283DBA3E003B6DAC /* Build configuration list for PBXNativeTarget "BudgetControl" */ = {
			isa = XCConfigurationList;
			buildConfigurations = (
				37591190283DBA3E003B6DAC /* Debug */,
				37591191283DBA3E003B6DAC /* Release */,
			);
			defaultConfigurationIsVisible = 0;
			defaultConfigurationName = Release;
		};
/* End XCConfigurationList section */

/* Begin XCVersionGroup section */
		375911BB283EA660003B6DAC /* BC.xcdatamodeld */ = {
			isa = XCVersionGroup;
			children = (
				375911BC283EA660003B6DAC /* BC.xcdatamodel */,
			);
			currentVersion = 375911BC283EA660003B6DAC /* BC.xcdatamodel */;
			path = BC.xcdatamodeld;
			sourceTree = "<group>";
			versionGroupType = wrapper.xcdatamodel;
		};
/* End XCVersionGroup section */
	};
	rootObject = 37591179283DBA3B003B6DAC /* Project object */;
}
